
Microsoft Visual Studio Solution File, Format Version 12.00
Project("{FAE04EC0-301F-11D3-BF4B-00C04F79EFBC}") = "App", "App\App.csproj", "{C3FD69D3-6FE0-4747-B73C-CB927AA150BE}"
EndProject
Global
	GlobalSection(SolutionConfigurationPlatforms) = preSolution
		Debug|Any CPU = Debug|Any CPU
		Release|Any CPU = Release|Any CPU
	EndGlobalSection
	GlobalSection(ProjectConfigurationPlatforms) = postSolution
		{C3FD69D3-6FE0-4747-B73C-CB927AA150BE}.Debug|Any CPU.ActiveCfg = Debug|Any CPU
		{C3FD69D3-6FE0-4747-B73C-CB927AA150BE}.Debug|Any CPU.Build.0 = Debug|Any CPU
		{C3FD69D3-6FE0-4747-B73C-CB927AA150BE}.Release|Any CPU.ActiveCfg = Release|Any CPU
		{C3FD69D3-6FE0-4747-B73C-CB927AA150BE}.Release|Any CPU.Build.0 = Release|Any CPU
	EndGlobalSection
EndGlobal
